// !$*UTF8*$!
{
	archiveVersion = 1;
	classes = {
	};
	objectVersion = 50;
	objects = {

/* Begin PBXBuildFile section */
		DCAD7CCF23E851840091C2AE /* AppDelegate.swift in Sources */ = {isa = PBXBuildFile; fileRef = DCAD7CCE23E851840091C2AE /* AppDelegate.swift */; };
		DCAD7CD123E851840091C2AE /* SceneDelegate.swift in Sources */ = {isa = PBXBuildFile; fileRef = DCAD7CD023E851840091C2AE /* SceneDelegate.swift */; };
		DCAD7CD323E851840091C2AE /* ViewController.swift in Sources */ = {isa = PBXBuildFile; fileRef = DCAD7CD223E851840091C2AE /* ViewController.swift */; };
		DCAD7CD623E851850091C2AE /* Main.storyboard in Resources */ = {isa = PBXBuildFile; fileRef = DCAD7CD423E851850091C2AE /* Main.storyboard */; };
		DCAD7CD823E8519B0091C2AE /* Assets.xcassets in Resources */ = {isa = PBXBuildFile; fileRef = DCAD7CD723E8519B0091C2AE /* Assets.xcassets */; };
		DCAD7CDB23E8519B0091C2AE /* LaunchScreen.storyboard in Resources */ = {isa = PBXBuildFile; fileRef = DCAD7CD923E8519B0091C2AE /* LaunchScreen.storyboard */; };
		DCAD7CE423E860CA0091C2AE /* HiraganaAPI.swift in Sources */ = {isa = PBXBuildFile; fileRef = DCAD7CE323E860CA0091C2AE /* HiraganaAPI.swift */; };
/* End PBXBuildFile section */

/* Begin PBXFileReference section */
		DCAD7CCB23E851840091C2AE /* IrohaGanaApp.app */ = {isa = PBXFileReference; explicitFileType = wrapper.application; includeInIndex = 0; path = IrohaGanaApp.app; sourceTree = BUILT_PRODUCTS_DIR; };
		DCAD7CCE23E851840091C2AE /* AppDelegate.swift */ = {isa = PBXFileReference; lastKnownFileType = sourcecode.swift; path = AppDelegate.swift; sourceTree = "<group>"; };
		DCAD7CD023E851840091C2AE /* SceneDelegate.swift */ = {isa = PBXFileReference; lastKnownFileType = sourcecode.swift; path = SceneDelegate.swift; sourceTree = "<group>"; };
		DCAD7CD223E851840091C2AE /* ViewController.swift */ = {isa = PBXFileReference; lastKnownFileType = sourcecode.swift; path = ViewController.swift; sourceTree = "<group>"; };
		DCAD7CD523E851850091C2AE /* Base */ = {isa = PBXFileReference; lastKnownFileType = file.storyboard; name = Base; path = Base.lproj/Main.storyboard; sourceTree = "<group>"; };
		DCAD7CD723E8519B0091C2AE /* Assets.xcassets */ = {isa = PBXFileReference; lastKnownFileType = folder.assetcatalog; path = Assets.xcassets; sourceTree = "<group>"; };
		DCAD7CDA23E8519B0091C2AE /* Base */ = {isa = PBXFileReference; lastKnownFileType = file.storyboard; name = Base; path = Base.lproj/LaunchScreen.storyboard; sourceTree = "<group>"; };
		DCAD7CDC23E8519B0091C2AE /* Info.plist */ = {isa = PBXFileReference; lastKnownFileType = text.plist.xml; path = Info.plist; sourceTree = "<group>"; };
		DCAD7CE323E860CA0091C2AE /* HiraganaAPI.swift */ = {isa = PBXFileReference; lastKnownFileType = sourcecode.swift; path = HiraganaAPI.swift; sourceTree = "<group>"; };
/* End PBXFileReference section */

/* Begin PBXFrameworksBuildPhase section */
		DCAD7CC823E851840091C2AE /* Frameworks */ = {
			isa = PBXFrameworksBuildPhase;
			buildActionMask = 2147483647;
			files = (
			);
			runOnlyForDeploymentPostprocessing = 0;
		};
/* End PBXFrameworksBuildPhase section */

/* Begin PBXGroup section */
		DCAD7CC223E851840091C2AE = {
			isa = PBXGroup;
			children = (
				DCAD7CCD23E851840091C2AE /* IrohaGanaApp */,
				DCAD7CCC23E851840091C2AE /* Products */,
			);
			sourceTree = "<group>";
		};
		DCAD7CCC23E851840091C2AE /* Products */ = {
			isa = PBXGroup;
			children = (
				DCAD7CCB23E851840091C2AE /* IrohaGanaApp.app */,
			);
			name = Products;
			sourceTree = "<group>";
		};
		DCAD7CCD23E851840091C2AE /* IrohaGanaApp */ = {
			isa = PBXGroup;
			children = (
				DCAD7CE223E860540091C2AE /* API */,
				DCAD7CCE23E851840091C2AE /* AppDelegate.swift */,
				DCAD7CD023E851840091C2AE /* SceneDelegate.swift */,
				DCAD7CD223E851840091C2AE /* ViewController.swift */,
				DCAD7CD423E851850091C2AE /* Main.storyboard */,
				DCAD7CD723E8519B0091C2AE /* Assets.xcassets */,
				DCAD7CD923E8519B0091C2AE /* LaunchScreen.storyboard */,
				DCAD7CDC23E8519B0091C2AE /* Info.plist */,
			);
			path = IrohaGanaApp;
			sourceTree = "<group>";
		};
		DCAD7CE223E860540091C2AE /* API */ = {
			isa = PBXGroup;
			children = (
				DCAD7CE323E860CA0091C2AE /* HiraganaAPI.swift */,
			);
			path = API;
			sourceTree = "<group>";
		};
/* End PBXGroup section */

/* Begin PBXNativeTarget section */
		DCAD7CCA23E851840091C2AE /* IrohaGanaApp */ = {
			isa = PBXNativeTarget;
			buildConfigurationList = DCAD7CDF23E8519B0091C2AE /* Build configuration list for PBXNativeTarget "IrohaGanaApp" */;
			buildPhases = (
				DCAD7CC723E851840091C2AE /* Sources */,
				DCAD7CC823E851840091C2AE /* Frameworks */,
				DCAD7CC923E851840091C2AE /* Resources */,
			);
			buildRules = (
			);
			dependencies = (
			);
			name = IrohaGanaApp;
			productName = IrohaGanaApp;
			productReference = DCAD7CCB23E851840091C2AE /* IrohaGanaApp.app */;
			productType = "com.apple.product-type.application";
		};
/* End PBXNativeTarget section */

/* Begin PBXProject section */
		DCAD7CC323E851840091C2AE /* Project object */ = {
			isa = PBXProject;
			attributes = {
				LastSwiftUpdateCheck = 1130;
				LastUpgradeCheck = 1130;
				ORGANIZATIONNAME = irodori;
				TargetAttributes = {
					DCAD7CCA23E851840091C2AE = {
						CreatedOnToolsVersion = 11.3.1;
					};
				};
			};
			buildConfigurationList = DCAD7CC623E851840091C2AE /* Build configuration list for PBXProject "IrohaGanaApp" */;
			compatibilityVersion = "Xcode 9.3";
			developmentRegion = en;
			hasScannedForEncodings = 0;
			knownRegions = (
				en,
				Base,
			);
			mainGroup = DCAD7CC223E851840091C2AE;
			productRefGroup = DCAD7CCC23E851840091C2AE /* Products */;
			projectDirPath = "";
			projectRoot = "";
			targets = (
				DCAD7CCA23E851840091C2AE /* IrohaGanaApp */,
			);
		};
/* End PBXProject section */

/* Begin PBXResourcesBuildPhase section */
		DCAD7CC923E851840091C2AE /* Resources */ = {
			isa = PBXResourcesBuildPhase;
			buildActionMask = 2147483647;
			files = (
				DCAD7CDB23E8519B0091C2AE /* LaunchScreen.storyboard in Resources */,
				DCAD7CD823E8519B0091C2AE /* Assets.xcassets in Resources */,
				DCAD7CD623E851850091C2AE /* Main.storyboard in Resources */,
			);
			runOnlyForDeploymentPostprocessing = 0;
		};
/* End PBXResourcesBuildPhase section */

/* Begin PBXSourcesBuildPhase section */
		DCAD7CC723E851840091C2AE /* Sources */ = {
			isa = PBXSourcesBuildPhase;
			buildActionMask = 2147483647;
			files = (
				DCAD7CD323E851840091C2AE /* ViewController.swift in Sources */,
				DCAD7CE423E860CA0091C2AE /* HiraganaAPI.swift in Sources */,
				DCAD7CCF23E851840091C2AE /* AppDelegate.swift in Sources */,
				DCAD7CD123E851840091C2AE /* SceneDelegate.swift in Sources */,
			);
			runOnlyForDeploymentPostprocessing = 0;
		};
/* End PBXSourcesBuildPhase section */

/* Begin PBXVariantGroup section */
		DCAD7CD423E851850091C2AE /* Main.storyboard */ = {
			isa = PBXVariantGroup;
			children = (
				DCAD7CD523E851850091C2AE /* Base */,
			);
			name = Main.storyboard;
			sourceTree = "<group>";
		};
		DCAD7CD923E8519B0091C2AE /* LaunchScreen.storyboard */ = {
			isa = PBXVariantGroup;
			children = (
				DCAD7CDA23E8519B0091C2AE /* Base */,
			);
			name = LaunchScreen.storyboard;
			sourceTree = "<group>";
		};
/* End PBXVariantGroup section */

/* Begin XCBuildConfiguration section */
		DCAD7CDD23E8519B0091C2AE /* Debug */ = {
			isa = XCBuildConfiguration;
			buildSettings = {
				ALWAYS_SEARCH_USER_PATHS = NO;
				CLANG_ANALYZER_NONNULL = YES;
				CLANG_ANALYZER_NUMBER_OBJECT_CONVERSION = YES_AGGRESSIVE;
				CLANG_CXX_LANGUAGE_STANDARD = "gnu++14";
				CLANG_CXX_LIBRARY = "libc++";
				CLANG_ENABLE_MODULES = YES;
				CLANG_ENABLE_OBJC_ARC = YES;
				CLANG_ENABLE_OBJC_WEAK = YES;
				CLANG_WARN_BLOCK_CAPTURE_AUTORELEASING = YES;
				CLANG_WARN_BOOL_CONVERSION = YES;
				CLANG_WARN_COMMA = YES;
				CLANG_WARN_CONSTANT_CONVERSION = YES;
				CLANG_WARN_DEPRECATED_OBJC_IMPLEMENTATIONS = YES;
				CLANG_WARN_DIRECT_OBJC_ISA_USAGE = YES_ERROR;
				CLANG_WARN_DOCUMENTATION_COMMENTS = YES;
				CLANG_WARN_EMPTY_BODY = YES;
				CLANG_WARN_ENUM_CONVERSION = YES;
				CLANG_WARN_INFINITE_RECURSION = YES;
				CLANG_WARN_INT_CONVERSION = YES;
				CLANG_WARN_NON_LITERAL_NULL_CONVERSION = YES;
				CLANG_WARN_OBJC_IMPLICIT_RETAIN_SELF = YES;
				CLANG_WARN_OBJC_LITERAL_CONVERSION = YES;
				CLANG_WARN_OBJC_ROOT_CLASS = YES_ERROR;
				CLANG_WARN_RANGE_LOOP_ANALYSIS = YES;
				CLANG_WARN_STRICT_PROTOTYPES = YES;
				CLANG_WARN_SUSPICIOUS_MOVE = YES;
				CLANG_WARN_UNGUARDED_AVAILABILITY = YES_AGGRESSIVE;
				CLANG_WARN_UNREACHABLE_CODE = YES;
				CLANG_WARN__DUPLICATE_METHOD_MATCH = YES;
				COPY_PHASE_STRIP = NO;
				DEBUG_INFORMATION_FORMAT = dwarf;
				ENABLE_STRICT_OBJC_MSGSEND = YES;
				ENABLE_TESTABILITY = YES;
				GCC_C_LANGUAGE_STANDARD = gnu11;
				GCC_DYNAMIC_NO_PIC = NO;
				GCC_NO_COMMON_BLOCKS = YES;
				GCC_OPTIMIZATION_LEVEL = 0;
				GCC_PREPROCESSOR_DEFINITIONS = (
					"DEBUG=1",
					"$(inherited)",
				);
				GCC_WARN_64_TO_32_BIT_CONVERSION = YES;
				GCC_WARN_ABOUT_RETURN_TYPE = YES_ERROR;
				GCC_WARN_UNDECLARED_SELECTOR = YES;
				GCC_WARN_UNINITIALIZED_AUTOS = YES_AGGRESSIVE;
				GCC_WARN_UNUSED_FUNCTION = YES;
				GCC_WARN_UNUSED_VARIABLE = YES;
				IPHONEOS_DEPLOYMENT_TARGET = 13.2;
				MTL_ENABLE_DEBUG_INFO = INCLUDE_SOURCE;
				MTL_FAST_MATH = YES;
				ONLY_ACTIVE_ARCH = YES;
				SDKROOT = iphoneos;
				SWIFT_ACTIVE_COMPILATION_CONDITIONS = DEBUG;
				SWIFT_OPTIMIZATION_LEVEL = "-Onone";
			};
			name = Debug;
		};
		DCAD7CDE23E8519B0091C2AE /* Release */ = {
			isa = XCBuildConfiguration;
			buildSettings = {
				ALWAYS_SEARCH_USER_PATHS = NO;
				CLANG_ANALYZER_NONNULL = YES;
				CLANG_ANALYZER_NUMBER_OBJECT_CONVERSION = YES_AGGRESSIVE;
				CLANG_CXX_LANGUAGE_STANDARD = "gnu++14";
				CLANG_CXX_LIBRARY = "libc++";
				CLANG_ENABLE_MODULES = YES;
				CLANG_ENABLE_OBJC_ARC = YES;
				CLANG_ENABLE_OBJC_WEAK = YES;
				CLANG_WARN_BLOCK_CAPTURE_AUTORELEASING = YES;
				CLANG_WARN_BOOL_CONVERSION = YES;
				CLANG_WARN_COMMA = YES;
				CLANG_WARN_CONSTANT_CONVERSION = YES;
				CLANG_WARN_DEPRECATED_OBJC_IMPLEMENTATIONS = YES;
				CLANG_WARN_DIRECT_OBJC_ISA_USAGE = YES_ERROR;
				CLANG_WARN_DOCUMENTATION_COMMENTS = YES;
				CLANG_WARN_EMPTY_BODY = YES;
				CLANG_WARN_ENUM_CONVERSION = YES;
				CLANG_WARN_INFINITE_RECURSION = YES;
				CLANG_WARN_INT_CONVERSION = YES;
				CLANG_WARN_NON_LITERAL_NULL_CONVERSION = YES;
				CLANG_WARN_OBJC_IMPLICIT_RETAIN_SELF = YES;
				CLANG_WARN_OBJC_LITERAL_CONVERSION = YES;
				CLANG_WARN_OBJC_ROOT_CLASS = YES_ERROR;
				CLANG_WARN_RANGE_LOOP_ANALYSIS = YES;
				CLANG_WARN_STRICT_PROTOTYPES = YES;
				CLANG_WARN_SUSPICIOUS_MOVE = YES;
				CLANG_WARN_UNGUARDED_AVAILABILITY = YES_AGGRESSIVE;
				CLANG_WARN_UNREACHABLE_CODE = YES;
				CLANG_WARN__DUPLICATE_METHOD_MATCH = YES;
				COPY_PHASE_STRIP = NO;
				DEBUG_INFORMATION_FORMAT = "dwarf-with-dsym";
				ENABLE_NS_ASSERTIONS = NO;
				ENABLE_STRICT_OBJC_MSGSEND = YES;
				GCC_C_LANGUAGE_STANDARD = gnu11;
				GCC_NO_COMMON_BLOCKS = YES;
				GCC_WARN_64_TO_32_BIT_CONVERSION = YES;
				GCC_WARN_ABOUT_RETURN_TYPE = YES_ERROR;
				GCC_WARN_UNDECLARED_SELECTOR = YES;
				GCC_WARN_UNINITIALIZED_AUTOS = YES_AGGRESSIVE;
				GCC_WARN_UNUSED_FUNCTION = YES;
				GCC_WARN_UNUSED_VARIABLE = YES;
				IPHONEOS_DEPLOYMENT_TARGET = 13.2;
				MTL_ENABLE_DEBUG_INFO = NO;
				MTL_FAST_MATH = YES;
				SDKROOT = iphoneos;
				SWIFT_COMPILATION_MODE = wholemodule;
				SWIFT_OPTIMIZATION_LEVEL = "-O";
				VALIDATE_PRODUCT = YES;
			};
			name = Release;
		};
		DCAD7CE023E8519B0091C2AE /* Debug */ = {
			isa = XCBuildConfiguration;
			buildSettings = {
				ASSETCATALOG_COMPILER_APPICON_NAME = AppIcon;
				CODE_SIGN_STYLE = Automatic;
				DEVELOPMENT_TEAM = "";
				INFOPLIST_FILE = IrohaGanaApp/Info.plist;
				LD_RUNPATH_SEARCH_PATHS = (
					"$(inherited)",
					"@executable_path/Frameworks",
				);
				MARKETING_VERSION = 0.1;
				PRODUCT_BUNDLE_IDENTIFIER = irodori.dev.IrohaGanaApp;
				PRODUCT_NAME = "$(TARGET_NAME)";
				SWIFT_VERSION = 5.0;
				TARGETED_DEVICE_FAMILY = "1,2";
			};
			name = Debug;
		};
		DCAD7CE123E8519B0091C2AE /* Release */ = {
			isa = XCBuildConfiguration;
			buildSettings = {
				ASSETCATALOG_COMPILER_APPICON_NAME = AppIcon;
				CODE_SIGN_STYLE = Automatic;
				DEVELOPMENT_TEAM = "";
				INFOPLIST_FILE = IrohaGanaApp/Info.plist;
				LD_RUNPATH_SEARCH_PATHS = (
					"$(inherited)",
					"@executable_path/Frameworks",
				);
				MARKETING_VERSION = 0.1;
				PRODUCT_BUNDLE_IDENTIFIER = irodori.dev.IrohaGanaApp;
				PRODUCT_NAME = "$(TARGET_NAME)";
				SWIFT_VERSION = 5.0;
				TARGETED_DEVICE_FAMILY = "1,2";
			};
			name = Release;
		};
/* End XCBuildConfiguration section */

/* Begin XCConfigurationList section */
		DCAD7CC623E851840091C2AE /* Build configuration list for PBXProject "IrohaGanaApp" */ = {
			isa = XCConfigurationList;
			buildConfigurations = (
				DCAD7CDD23E8519B0091C2AE /* Debug */,
				DCAD7CDE23E8519B0091C2AE /* Release */,
			);
			defaultConfigurationIsVisible = 0;
			defaultConfigurationName = Release;
		};
		DCAD7CDF23E8519B0091C2AE /* Build configuration list for PBXNativeTarget "IrohaGanaApp" */ = {
			isa = XCConfigurationList;
			buildConfigurations = (
				DCAD7CE023E8519B0091C2AE /* Debug */,
				DCAD7CE123E8519B0091C2AE /* Release */,
			);
			defaultConfigurationIsVisible = 0;
			defaultConfigurationName = Release;
		};
/* End XCConfigurationList section */
	};
	rootObject = DCAD7CC323E851840091C2AE /* Project object */;
}
